
Microsoft Visual Studio Solution File, Format Version 12.00
# Visual Studio Version 17
VisualStudioVersion = 17.3.32825.248
MinimumVisualStudioVersion = 10.0.40219.1
Project("{FAE04EC0-301F-11D3-BF4B-00C04F79EFBC}") = "No11_6", "No11_6\No11_6.csproj", "{A7BEECCA-AFE9-4106-998D-7EE60722BAAD}"
EndProject
Global
	GlobalSection(SolutionConfigurationPlatforms) = preSolution
		Debug|Any CPU = Debug|Any CPU
		Release|Any CPU = Release|Any CPU
	EndGlobalSection
	GlobalSection(ProjectConfigurationPlatforms) = postSolution
		{A7BEECCA-AFE9-4106-998D-7EE60722BAAD}.Debug|Any CPU.ActiveCfg = Debug|Any CPU
		{A7BEECCA-AFE9-4106-998D-7EE60722BAAD}.Debug|Any CPU.Build.0 = Debug|Any CPU
		{A7BEECCA-AFE9-4106-998D-7EE60722BAAD}.Release|Any CPU.ActiveCfg = Release|Any CPU
		{A7BEECCA-AFE9-4106-998D-7EE60722BAAD}.Release|Any CPU.Build.0 = Release|Any CPU
	EndGlobalSection
	GlobalSection(SolutionProperties) = preSolution
		HideSolutionNode = FALSE
	EndGlobalSection
	GlobalSection(ExtensibilityGlobals) = postSolution
		SolutionGuid = {861B7794-569F-446B-B7B8-902D02201C39}
	EndGlobalSection
EndGlobal
